# Linux x86_64 / Python 3.12; hashes of the wheels actually installed.
# Generated by scripts/lock_installed_gpu.py from preserved pip --report records.
# No driver or system CUDA package is installed by this lock.
-r ../requirements-dev.lock

cuda-pathfinder==1.8.1 --hash=sha256:ae0137ff9e56ea97499bcbf54f5f2778ec25f3266715ac86da192a795af982a8
    # source: gpu-install.json
cuda-toolkit==12.9.2.0 --hash=sha256:b54b8f2fd4200090b44843d48fc5411198e8b3e47a3db56e2518ab588c0ef1e0
    # source: gpu-install.json
cudensitymat-cu12==0.6.0 --hash=sha256:ab34d7106c6fba38b2d3e4d8c9a3f9d47f5575a9f0950e8bcffdfbbdfd73fd08
    # source: gpu-install.json
cupauliprop-cu12==0.4.0 --hash=sha256:6ac471eccafa937ddeea8b79474b0ed5411ea793f6de98aa9db5687cda2e3583
    # source: gpu-install.json
cupy-cuda12x==14.2.0 --hash=sha256:f82141761f2c81905d49387464ae29438887956d99063381c93a1d5d1b7d32e8
    # source: gpu-install.json
cuquantum-cu12==26.6.0 --hash=sha256:02388b79d36be4e504d6097569079b49dae6b37490d8c5f09c3330ccb68a7f45
    # source: gpu-install.json
custabilizer-cu12==0.4.0 --hash=sha256:78f8c666cdb3f87e4b396aa19d016755dba93e51ee170b19acf4f46ce77507bb
    # source: gpu-install.json
custatevec-cu12==1.14.0 --hash=sha256:f5e1c22cface48ee3a6f6067238a91603899fd180c45eb2a7727e957e85825cf
    # source: gpu-install.json
cutensor-cu12==2.7.0 --hash=sha256:ddedf0d94555c457c6c282dd7369c10fd10db22029f3731f1ed9420600188e6d
    # source: gpu-install.json
cutensornet-cu12==2.13.0 --hash=sha256:fac7d794a6fa52709823777d91aee40f7b9a18817c7640fd3f68fc6fcfb2f0f0
    # source: gpu-install.json
dill==0.4.1 --hash=sha256:1e1ce33e978ae97fcfcff5638477032b801c46c7c65cf717f95fbc2248f79a9d
    # source: gpu-install.json
mpmath==1.3.0 --hash=sha256:a0b2b9fe80bbcd81a6647ff13108738cfb482d481d826cc0e02f5b35e5c88d2c
    # source: qiskit-compat-install.json
numpy==2.5.2 --hash=sha256:3cdec01fa790a186d430433fdd4d4ffb70eed6f0eeb4bf05c8dbe2dce0a9bcb8
    # source: gpu-install.json
nvidia-cublas-cu12==12.9.2.10 --hash=sha256:e4f53a8ca8c5d6e8c492d0d0a3d565ecb59a751b19cfdaa4f6da0ab2104c1702
    # source: gpu-install.json
nvidia-cuda-nvrtc-cu12==12.9.86 --hash=sha256:210cf05005a447e29214e9ce50851e83fc5f4358df8b453155d5e1918094dcb4
    # source: gpu-install.json
nvidia-cuda-runtime-cu12==12.9.79 --hash=sha256:25bba2dfb01d48a9b59ca474a1ac43c6ebf7011f1b0b8cc44f54eb6ac48a96c3
    # source: gpu-install.json
nvidia-cufft-cu12==11.4.1.4 --hash=sha256:c67884f2a7d276b4b80eb56a79322a95df592ae5e765cf1243693365ccab4e28
    # source: gpu-install.json
nvidia-curand-cu12==10.3.10.19 --hash=sha256:49b274db4780d421bd2ccd362e1415c13887c53c214f0d4b761752b8f9f6aa1e
    # source: gpu-install.json
nvidia-cusolver-cu12==11.7.5.82 --hash=sha256:15da72d1340d29b5b3cf3fd100e3cd53421dde36002eda6ed93811af63c40d88
    # source: gpu-install.json
nvidia-cusparse-cu12==12.5.10.65 --hash=sha256:73060ce019ac064a057267c585bf1fd5a353734151f87472ff02b2c5c9984e78
    # source: gpu-install.json
nvidia-nvjitlink-cu12==12.9.86 --hash=sha256:e3f1171dbdc83c5932a45f0f4c99180a70de9bd2718c1ab77d14104f6d7147f9
    # source: gpu-install.json
psutil==7.2.2 --hash=sha256:076a2d2f923fd4821644f5ba89f059523da90dc9014e85f8e45a5774ca5bc6f9
    # source: gpu-install.json
python-dateutil==2.9.0.post0 --hash=sha256:a8b2bc7bffae282281c8140a97d3aa9c14da0b136dfe83f850eea9a5f7470427
    # source: qiskit-compat-install.json
qiskit==1.4.6 --hash=sha256:4b7564cba22879a5b03c42d957315561289d9b8ec8f35358d3a0e7289c5e63e4
    # source: qiskit-compat-install.json
qiskit-aer-gpu==0.15.1 --hash=sha256:5b65d98386a703a3ec351ee343169f66072179e92dd61bbf3a035912465bb924
    # source: gpu-install.json
rustworkx==0.18.1 --hash=sha256:1ebd2441a51c68a784df8c62dc2e6f1a9f58c0eb1c2e21fd59776e08f55c0c0b
    # source: gpu-install.json
scipy==1.18.1 --hash=sha256:f55fa87b6c612ecd6b058f167c53231b1d14e412efe361d3d6e38b3631c73218
    # source: gpu-install.json
six==1.17.0 --hash=sha256:4721f391ed90541fddacab5acf947aa0d3dc7d27b2e1e8eda2be8970586c3274
    # source: qiskit-compat-install.json
stevedore==5.9.1 --hash=sha256:5c8ff3a9f336cc1a06ac0f597bc79d11a2f950bfd32e290ca56b5a301fafafbf
    # source: gpu-install.json
symengine==0.13.0 --hash=sha256:f7e6bae9cfcdde2775d92fbb0abe3ef04e32f65ebc4c2d164ca33f4da202d4a7
    # source: qiskit-compat-install.json
sympy==1.14.0 --hash=sha256:e091cc3e99d2141a0ba2847328f5479b05d94a6635cb96148ccb3f34671bd8f5
    # source: qiskit-compat-install.json
